
Microsoft Visual Studio Solution File, Format Version 12.00
# Visual Studio Version 17
VisualStudioVersion = 17.8.34525.116
MinimumVisualStudioVersion = 10.0.40219.1
Project("{F184B08F-C81C-45F6-A57F-5ABD9991F28F}") = "GradingSystem", "GradingSystem.vbproj", "{8275C6EE-551C-4254-8D17-D7F47BFDFA9D}"
EndProject
Global
	GlobalSection(SolutionConfigurationPlatforms) = preSolution
		Debug|Any CPU = Debug|Any CPU
		Release|Any CPU = Release|Any CPU
	EndGlobalSection
	GlobalSection(ProjectConfigurationPlatforms) = postSolution
		{8275C6EE-551C-4254-8D17-D7F47BFDFA9D}.Debug|Any CPU.ActiveCfg = Debug|Any CPU
		{8275C6EE-551C-4254-8D17-D7F47BFDFA9D}.Debug|Any CPU.Build.0 = Debug|Any CPU
		{8275C6EE-551C-4254-8D17-D7F47BFDFA9D}.Release|Any CPU.ActiveCfg = Release|Any CPU
		{8275C6EE-551C-4254-8D17-D7F47BFDFA9D}.Release|Any CPU.Build.0 = Release|Any CPU
	EndGlobalSection
	GlobalSection(SolutionProperties) = preSolution
		HideSolutionNode = FALSE
	EndGlobalSection
	GlobalSection(ExtensibilityGlobals) = postSolution
		SolutionGuid = {E51DDC06-4151-4C21-A0ED-D8C48E139F0E}
	EndGlobalSection
EndGlobal
